{
  "name": "nroonga",
  "version": "0.2.3",
  "dependencies": {
    "msgpack2": {
      "version": "0.1.10"
    },
    "coffee-script": {
      "version": "1.3.3"
    },
    "should": {
      "version": "0.6.3"
    },
    "mocha": {
      "version": "1.2.2",
      "dependencies": {
        "commander": {
          "version": "0.6.1"
        },
        "growl": {
          "version": "1.5.1"
        },
        "jade": {
          "version": "0.26.3",
          "dependencies": {
            "mkdirp": {
              "version": "0.3.0"
            }
          }
        },
        "diff": {
          "version": "1.0.2"
        },
        "debug": {
          "version": "0.7.0"
        }
      }
    }
  }
}
