{
  "name": "nroonga",
  "version": "0.2.4",
  "dependencies": {
    "msgpack": {
      "version": "0.1.8",
      "from": "msgpack@0.1.8"
    },
    "coffee-script": {
      "version": "1.6.2",
      "from": "coffee-script@"
    },
    "should": {
      "version": "1.2.2",
      "from": "should@",
      "resolved": "https://registry.npmjs.org/should/-/should-1.2.2.tgz"
    },
    "mocha": {
      "version": "1.9.0",
      "from": "mocha@",
      "resolved": "https://registry.npmjs.org/mocha/-/mocha-1.9.0.tgz",
      "dependencies": {
        "commander": {
          "version": "0.6.1",
          "from": "commander@0.6.1"
        },
        "growl": {
          "version": "1.7.0",
          "from": "growl@1.7.x"
        },
        "jade": {
          "version": "0.26.3",
          "from": "jade@0.26.3",
          "dependencies": {
            "mkdirp": {
              "version": "0.3.0",
              "from": "mkdirp@0.3.0"
            }
          }
        },
        "diff": {
          "version": "1.0.2",
          "from": "diff@1.0.2"
        },
        "debug": {
          "version": "0.7.2",
          "from": "debug@*"
        },
        "mkdirp": {
          "version": "0.3.3",
          "from": "mkdirp@0.3.3"
        },
        "ms": {
          "version": "0.3.0",
          "from": "ms@0.3.0"
        }
      }
    }
  }
}
